{
  "nodes": {
    "darwin": {
      "inputs": {
        "nixpkgs": [
          "nixpkgs"
        ]
      },
      "locked": {
        "lastModified": 1617693609,
        "narHash": "sha256-/+6wm08yHK8mhyljzELD4WE9Gh8XUVbHL0R1TQpZtTQ=",
        "owner": "lnl7",
        "repo": "nix-darwin",
        "rev": "a7492a8c76dcc702d0a65cd820a5f9baa8702684",
        "type": "github"
      },
      "original": {
        "owner": "lnl7",
        "ref": "master",
        "repo": "nix-darwin",
        "type": "github"
      }
    },
    "dmenu": {
      "flake": false,
      "locked": {
        "lastModified": 1600225289,
        "narHash": "sha256-Kqhf7+kl+izCyrcwW6LaNrbYFh23j1nmBN+7/ebOlA0=",
        "owner": "ethancedwards",
        "repo": "dmenu-config",
        "rev": "9cd6fe49998b48aa1b97e8b66d8895624b0ac897",
        "type": "gitlab"
      },
      "original": {
        "owner": "ethancedwards",
        "repo": "dmenu-config",
        "type": "gitlab"
      }
    },
    "easy-hls-nix": {
      "inputs": {
        "nixpkgs": [
          "nixpkgs"
        ]
      },
      "locked": {
        "lastModified": 1618344778,
        "narHash": "sha256-bCFzv7HLPen3Ak6Ho8RhfxsG4UWXeROqHgVW/tNla68=",
        "owner": "jkachmar",
        "repo": "easy-hls-nix",
        "rev": "291cf77f512a7121bb6801cde35ee1e8b7287f91",
        "type": "github"
      },
      "original": {
        "owner": "jkachmar",
        "repo": "easy-hls-nix",
        "type": "github"
      }
    },
    "emacs-overlay": {
      "locked": {
        "lastModified": 1620614218,
        "narHash": "sha256-wQQ0y6m63mk+DO0a6+8NTw2bzP43qGkDa/BP9JUE4LA=",
        "owner": "nix-community",
        "repo": "emacs-overlay",
        "rev": "2f84fea8fb79ac3848dd857ca5b7d9169332e466",
        "type": "github"
      },
      "original": {
        "owner": "nix-community",
        "repo": "emacs-overlay",
        "type": "github"
      }
    },
    "flake-compat": {
      "flake": false,
      "locked": {
        "lastModified": 1606424373,
        "narHash": "sha256-oq8d4//CJOrVj+EcOaSXvMebvuTkmBJuT5tzlfewUnQ=",
        "owner": "edolstra",
        "repo": "flake-compat",
        "rev": "99f1c2157fba4bfe6211a321fd0ee43199025dbf",
        "type": "github"
      },
      "original": {
        "owner": "edolstra",
        "repo": "flake-compat",
        "type": "github"
      }
    },
    "flake-utils": {
      "locked": {
        "lastModified": 1610051610,
        "narHash": "sha256-U9rPz/usA1/Aohhk7Cmc2gBrEEKRzcW4nwPWMPwja4Y=",
        "owner": "numtide",
        "repo": "flake-utils",
        "rev": "3982c9903e93927c2164caa727cd3f6a0e6d14cc",
        "type": "github"
      },
      "original": {
        "owner": "numtide",
        "repo": "flake-utils",
        "type": "github"
      }
    },
    "home-manager": {
      "inputs": {
        "nixpkgs": [
          "nixpkgs"
        ]
      },
      "locked": {
        "lastModified": 1620598390,
        "narHash": "sha256-Ue/lBfM+q5jZCC9xpElXH7NJET1v9NC1AgmeNCUC0BE=",
        "owner": "nix-community",
        "repo": "home-manager",
        "rev": "3b799f6ea42f850316ae4741ff323dc74ce09467",
        "type": "github"
      },
      "original": {
        "owner": "nix-community",
        "repo": "home-manager",
        "type": "github"
      }
    },
    "neovim-flake": {
      "inputs": {
        "flake-utils": "flake-utils",
        "nixpkgs": [
          "nixpkgs"
        ]
      },
      "locked": {
        "dir": "contrib",
        "lastModified": 1620492871,
        "narHash": "sha256-+gBnRA2OKXtgxgDYwIrC3riAbpDWtJ1zeL26J8y+dx8=",
        "owner": "neovim",
        "repo": "neovim",
        "rev": "f8173df4d7ecec239629921736340d3f4d1dcfd4",
        "type": "github"
      },
      "original": {
        "dir": "contrib",
        "owner": "neovim",
        "repo": "neovim",
        "type": "github"
      }
    },
    "neovim-nightly": {
      "inputs": {
        "flake-compat": "flake-compat",
        "neovim-flake": "neovim-flake",
        "nixpkgs": [
          "nixpkgs"
        ]
      },
      "locked": {
        "lastModified": 1620547916,
        "narHash": "sha256-NFLL1I3H4EsGxhUtyqJUM2p4EShaFpTX0AC6v2wjRdQ=",
        "owner": "nix-community",
        "repo": "neovim-nightly-overlay",
        "rev": "deb745dd1dbf4800d71d469124c6876922b0d3d1",
        "type": "github"
      },
      "original": {
        "owner": "nix-community",
        "repo": "neovim-nightly-overlay",
        "type": "github"
      }
    },
    "nixos-hardware": {
      "locked": {
        "lastModified": 1619336929,
        "narHash": "sha256-joIC2D26jtSbHodR/o8r+5T9XL2hXs6NIp5mVyA4JOc=",
        "owner": "nixos",
        "repo": "nixos-hardware",
        "rev": "f7540d6c27704ec0fe56ecc8b2a9b663181850b0",
        "type": "github"
      },
      "original": {
        "owner": "nixos",
        "ref": "master",
        "repo": "nixos-hardware",
        "type": "github"
      }
    },
    "nixpkgs": {
      "locked": {
        "lastModified": 1620340338,
        "narHash": "sha256-Op/4K0+Z9Sp5jtFH0s/zMM4H7VFZxrekcAmjQ6JpQ4w=",
        "owner": "nixos",
        "repo": "nixpkgs",
        "rev": "63586475587d7e0e078291ad4b49b6f6a6885100",
        "type": "github"
      },
      "original": {
        "owner": "nixos",
        "ref": "nixos-unstable",
        "repo": "nixpkgs",
        "type": "github"
      }
    },
    "nur": {
      "locked": {
        "lastModified": 1620604627,
        "narHash": "sha256-zL0uFLiG8c2f5TxcNbXgnJWZLCiTTGJ0vavjJJnHBVs=",
        "owner": "nix-community",
        "repo": "nur",
        "rev": "793ad7b797c484bdef6c81681b1e924c3470e1ef",
        "type": "github"
      },
      "original": {
        "owner": "nix-community",
        "ref": "master",
        "repo": "nur",
        "type": "github"
      }
    },
    "root": {
      "inputs": {
        "darwin": "darwin",
        "dmenu": "dmenu",
        "easy-hls-nix": "easy-hls-nix",
        "emacs-overlay": "emacs-overlay",
        "home-manager": "home-manager",
        "neovim-nightly": "neovim-nightly",
        "nixos-hardware": "nixos-hardware",
        "nixpkgs": "nixpkgs",
        "nur": "nur",
        "st": "st"
      }
    },
    "st": {
      "flake": false,
      "locked": {
        "lastModified": 1618617232,
        "narHash": "sha256-aAkLLrZkwKsQWRTxJRbjrdLbeq01eMrvQhldF5kQBTk=",
        "owner": "ethancedwards",
        "repo": "st-config",
        "rev": "8dfefc7d84c4aa1785cd583fd027b90fd9df9771",
        "type": "gitlab"
      },
      "original": {
        "owner": "ethancedwards",
        "repo": "st-config",
        "type": "gitlab"
      }
    }
  },
  "root": "root",
  "version": 7
}
