{
  "nodes": {
    "darwin": {
      "inputs": {
        "nixpkgs": [
          "nixpkgs"
        ]
      },
      "locked": {
        "lastModified": 1622060422,
        "narHash": "sha256-hPVlvrAyf6zL7tTx0lpK+tMxEfZeMiIZ/A2xaJ41WOY=",
        "owner": "lnl7",
        "repo": "nix-darwin",
        "rev": "007d700e644ac588ad6668e6439950a5b6e2ff64",
        "type": "github"
      },
      "original": {
        "owner": "lnl7",
        "ref": "master",
        "repo": "nix-darwin",
        "type": "github"
      }
    },
    "dmenu": {
      "flake": false,
      "locked": {
        "lastModified": 1600225289,
        "narHash": "sha256-Kqhf7+kl+izCyrcwW6LaNrbYFh23j1nmBN+7/ebOlA0=",
        "owner": "ethancedwards",
        "repo": "dmenu-config",
        "rev": "9cd6fe49998b48aa1b97e8b66d8895624b0ac897",
        "type": "gitlab"
      },
      "original": {
        "owner": "ethancedwards",
        "repo": "dmenu-config",
        "type": "gitlab"
      }
    },
    "emacs-overlay": {
      "locked": {
        "lastModified": 1623002031,
        "narHash": "sha256-9hUNVwrk1tloxoNZkfy9v8J/zir0eq76grifen78WHA=",
        "owner": "nix-community",
        "repo": "emacs-overlay",
        "rev": "9f84a92c7eb20df4180191acd906c69ed2e4aca9",
        "type": "github"
      },
      "original": {
        "owner": "nix-community",
        "repo": "emacs-overlay",
        "type": "github"
      }
    },
    "flake-compat": {
      "flake": false,
      "locked": {
        "lastModified": 1606424373,
        "narHash": "sha256-oq8d4//CJOrVj+EcOaSXvMebvuTkmBJuT5tzlfewUnQ=",
        "owner": "edolstra",
        "repo": "flake-compat",
        "rev": "99f1c2157fba4bfe6211a321fd0ee43199025dbf",
        "type": "github"
      },
      "original": {
        "owner": "edolstra",
        "repo": "flake-compat",
        "type": "github"
      }
    },
    "flake-compat_2": {
      "flake": false,
      "locked": {
        "lastModified": 1606424373,
        "narHash": "sha256-oq8d4//CJOrVj+EcOaSXvMebvuTkmBJuT5tzlfewUnQ=",
        "owner": "edolstra",
        "repo": "flake-compat",
        "rev": "99f1c2157fba4bfe6211a321fd0ee43199025dbf",
        "type": "github"
      },
      "original": {
        "owner": "edolstra",
        "repo": "flake-compat",
        "type": "github"
      }
    },
    "flake-utils": {
      "locked": {
        "lastModified": 1610051610,
        "narHash": "sha256-U9rPz/usA1/Aohhk7Cmc2gBrEEKRzcW4nwPWMPwja4Y=",
        "owner": "numtide",
        "repo": "flake-utils",
        "rev": "3982c9903e93927c2164caa727cd3f6a0e6d14cc",
        "type": "github"
      },
      "original": {
        "owner": "numtide",
        "repo": "flake-utils",
        "type": "github"
      }
    },
    "home-manager": {
      "inputs": {
        "nixpkgs": [
          "nixpkgs"
        ]
      },
      "locked": {
        "lastModified": 1623019630,
        "narHash": "sha256-EX0JjEiqhlB3X7EYnTSNO1ntyGf4OnJHZiCRKpNbQFM=",
        "owner": "ethancedwards8",
        "repo": "home-manager",
        "rev": "8d0e9b72e74a595ebe0e40139e1720191dd3be60",
        "type": "github"
      },
      "original": {
        "owner": "ethancedwards8",
        "ref": "module-programs-piston-cli",
        "repo": "home-manager",
        "type": "github"
      }
    },
    "neovim-flake": {
      "inputs": {
        "flake-utils": "flake-utils",
        "nixpkgs": [
          "nixpkgs"
        ]
      },
      "locked": {
        "dir": "contrib",
        "lastModified": 1622951124,
        "narHash": "sha256-UbAiCtoQ1T+Uv3p6Nf3ORd4BS/3g8biQyLi3uO9pBXI=",
        "owner": "neovim",
        "repo": "neovim",
        "rev": "b3e3ab0567a1a3c2f97de943ef9d7b24c0008979",
        "type": "github"
      },
      "original": {
        "dir": "contrib",
        "owner": "neovim",
        "repo": "neovim",
        "type": "github"
      }
    },
    "neovim-nightly": {
      "inputs": {
        "flake-compat": "flake-compat",
        "neovim-flake": "neovim-flake",
        "nixpkgs": [
          "nixpkgs"
        ]
      },
      "locked": {
        "lastModified": 1622968938,
        "narHash": "sha256-ms8m1Iyy4eDMUzyQVNwvxlfUxiXIi2994IstzdM66pE=",
        "owner": "nix-community",
        "repo": "neovim-nightly-overlay",
        "rev": "c67067465cbfec02720e0b1308d6fe565bc22e1b",
        "type": "github"
      },
      "original": {
        "owner": "nix-community",
        "repo": "neovim-nightly-overlay",
        "type": "github"
      }
    },
    "nixos-hardware": {
      "locked": {
        "lastModified": 1622521809,
        "narHash": "sha256-7XcqrtrHDeaasKzg/ruroLsC2fb6Fi3aenCrv1+xVLk=",
        "owner": "nixos",
        "repo": "nixos-hardware",
        "rev": "b2186d6c3cdc58fb3a8def0f608bcae61138cc6f",
        "type": "github"
      },
      "original": {
        "owner": "nixos",
        "ref": "master",
        "repo": "nixos-hardware",
        "type": "github"
      }
    },
    "nixpkgs": {
      "locked": {
        "lastModified": 1622797669,
        "narHash": "sha256-xIyWeoYExzF0KNaKcqfxEX58fN4JTIQxTJWbsAujllc=",
        "owner": "nixos",
        "repo": "nixpkgs",
        "rev": "1ca6b0a0cc38dbba0441202535c92841dd39d1ae",
        "type": "github"
      },
      "original": {
        "owner": "nixos",
        "ref": "nixos-unstable",
        "repo": "nixpkgs",
        "type": "github"
      }
    },
    "nixpkgs-stable": {
      "locked": {
        "lastModified": 1622922048,
        "narHash": "sha256-nTyKxe0n7l/4HSmYaIN+63WQrvHrTJY6drSwP7bMqhU=",
        "owner": "nixos",
        "repo": "nixpkgs",
        "rev": "5de44c15758465f8ddf84d541ba300b48e56eda4",
        "type": "github"
      },
      "original": {
        "owner": "nixos",
        "ref": "nixos-21.05",
        "repo": "nixpkgs",
        "type": "github"
      }
    },
    "nur": {
      "locked": {
        "lastModified": 1623015620,
        "narHash": "sha256-SsEqAlk7J/mH2y2reMVZ4on0FYykKDbewJUcxey2GNY=",
        "owner": "nix-community",
        "repo": "nur",
        "rev": "32a62f3268c33315456221c033d58f3beb56b860",
        "type": "github"
      },
      "original": {
        "owner": "nix-community",
        "ref": "master",
        "repo": "nur",
        "type": "github"
      }
    },
    "piston-cli": {
      "inputs": {
        "flake-compat": "flake-compat_2",
        "nixpkgs": [
          "nixpkgs"
        ]
      },
      "locked": {
        "lastModified": 1622608267,
        "narHash": "sha256-Wpi8WzoSZhLcSSixYowHAOed6uKbU5AJiFSCai73a4g=",
        "owner": "piston-cli",
        "repo": "piston-cli",
        "rev": "acea22ac7dbbdf724adc8cbe32ec72af9994753c",
        "type": "github"
      },
      "original": {
        "owner": "piston-cli",
        "repo": "piston-cli",
        "type": "github"
      }
    },
    "root": {
      "inputs": {
        "darwin": "darwin",
        "dmenu": "dmenu",
        "emacs-overlay": "emacs-overlay",
        "home-manager": "home-manager",
        "neovim-nightly": "neovim-nightly",
        "nixos-hardware": "nixos-hardware",
        "nixpkgs": "nixpkgs",
        "nixpkgs-stable": "nixpkgs-stable",
        "nur": "nur",
        "piston-cli": "piston-cli",
        "st": "st"
      }
    },
    "st": {
      "flake": false,
      "locked": {
        "lastModified": 1618617232,
        "narHash": "sha256-aAkLLrZkwKsQWRTxJRbjrdLbeq01eMrvQhldF5kQBTk=",
        "owner": "ethancedwards",
        "repo": "st-config",
        "rev": "8dfefc7d84c4aa1785cd583fd027b90fd9df9771",
        "type": "gitlab"
      },
      "original": {
        "owner": "ethancedwards",
        "repo": "st-config",
        "type": "gitlab"
      }
    }
  },
  "root": "root",
  "version": 7
}
