{
  "nodes": {
    "darwin": {
      "inputs": {
        "nixpkgs": [
          "nixpkgs"
        ]
      },
      "locked": {
        "lastModified": 1617693609,
        "narHash": "sha256-/+6wm08yHK8mhyljzELD4WE9Gh8XUVbHL0R1TQpZtTQ=",
        "owner": "lnl7",
        "repo": "nix-darwin",
        "rev": "a7492a8c76dcc702d0a65cd820a5f9baa8702684",
        "type": "github"
      },
      "original": {
        "owner": "lnl7",
        "ref": "master",
        "repo": "nix-darwin",
        "type": "github"
      }
    },
    "nixos-hardware": {
      "locked": {
        "lastModified": 1617690895,
        "narHash": "sha256-5TUizPI+ibn/LBzevTIIyIZ1XeLl3HU0PTRk7H6AKTQ=",
        "owner": "nixos",
        "repo": "nixos-hardware",
        "rev": "7c00c8b5cab5dedb6519eabba7ca6d069e2dfdae",
        "type": "github"
      },
      "original": {
        "owner": "nixos",
        "repo": "nixos-hardware",
        "type": "github"
      }
    },
    "nixpkgs": {
      "locked": {
        "lastModified": 1617636226,
        "narHash": "sha256-iZhBWrOR2DoDs1C+0FlnM9AQLMol/qoGQ+d+S43CKJM=",
        "owner": "nixos",
        "repo": "nixpkgs",
        "rev": "3d1a7716d7f1fccbd7d30ab3b2ed3db831f43bde",
        "type": "github"
      },
      "original": {
        "owner": "nixos",
        "ref": "nixos-unstable",
        "repo": "nixpkgs",
        "type": "github"
      }
    },
    "nur": {
      "locked": {
        "lastModified": 1617847615,
        "narHash": "sha256-4VqkpsL8encEhY8PBq3l+33zGKM6/sggPwmEBBL91Wo=",
        "owner": "nix-community",
        "repo": "nur",
        "rev": "c22c64cea210258fd2add3719b3c026d7f15bb34",
        "type": "github"
      },
      "original": {
        "owner": "nix-community",
        "repo": "nur",
        "type": "github"
      }
    },
    "root": {
      "inputs": {
        "darwin": "darwin",
        "nixos-hardware": "nixos-hardware",
        "nixpkgs": "nixpkgs",
        "nur": "nur"
      }
    }
  },
  "root": "root",
  "version": 7
}
