{
  "nodes": {
    "flake-parts": {
      "inputs": {
        "nixpkgs-lib": [
          "nur",
          "nixpkgs"
        ]
      },
      "locked": {
        "lastModified": 1733312601,
        "narHash": "sha256-4pDvzqnegAfRkPwO3wmwBhVi/Sye1mzps0zHWYnP88c=",
        "owner": "hercules-ci",
        "repo": "flake-parts",
        "rev": "205b12d8b7cd4802fbcb8e8ef6a0f1408781a4f9",
        "type": "github"
      },
      "original": {
        "owner": "hercules-ci",
        "repo": "flake-parts",
        "type": "github"
      }
    },
    "home-manager": {
      "inputs": {
        "nixpkgs": [
          "nixpkgs"
        ]
      },
      "locked": {
        "lastModified": 1744380363,
        "narHash": "sha256-cXjAUuAfQDPSLSsckZuTioQ986iqSPTzx8D7dLAcC+Q=",
        "owner": "nix-community",
        "repo": "home-manager",
        "rev": "e43c6bcb101ba3301522439c459288c4a248f624",
        "type": "github"
      },
      "original": {
        "owner": "nix-community",
        "repo": "home-manager",
        "type": "github"
      }
    },
    "impermanence": {
      "locked": {
        "lastModified": 1737831083,
        "narHash": "sha256-LJggUHbpyeDvNagTUrdhe/pRVp4pnS6wVKALS782gRI=",
        "owner": "nix-community",
        "repo": "impermanence",
        "rev": "4b3e914cdf97a5b536a889e939fb2fd2b043a170",
        "type": "github"
      },
      "original": {
        "owner": "nix-community",
        "repo": "impermanence",
        "type": "github"
      }
    },
    "nix-darwin": {
      "inputs": {
        "nixpkgs": [
          "nixpkgs"
        ]
      },
      "locked": {
        "lastModified": 1744224272,
        "narHash": "sha256-cqePj5nuC7flJWNncaVAFq1YZncU0PSyO0DEqGn+vYc=",
        "owner": "LnL7",
        "repo": "nix-darwin",
        "rev": "113883e37d985d26ecb65282766e5719f2539103",
        "type": "github"
      },
      "original": {
        "owner": "LnL7",
        "repo": "nix-darwin",
        "type": "github"
      }
    },
    "nixos-hardware": {
      "locked": {
        "lastModified": 1744366945,
        "narHash": "sha256-OuLhysErPHl53BBifhesrRumJNhrlSgQDfYOTXfgIMg=",
        "owner": "nixos",
        "repo": "nixos-hardware",
        "rev": "1fe3cc2bc5d2dc9c81cb4e63d2f67c1543340df1",
        "type": "github"
      },
      "original": {
        "owner": "nixos",
        "repo": "nixos-hardware",
        "type": "github"
      }
    },
    "nixpkgs": {
      "locked": {
        "lastModified": 1744232761,
        "narHash": "sha256-gbl9hE39nQRpZaLjhWKmEu5ejtQsgI5TWYrIVVJn30U=",
        "owner": "NixOS",
        "repo": "nixpkgs",
        "rev": "f675531bc7e6657c10a18b565cfebd8aa9e24c14",
        "type": "github"
      },
      "original": {
        "owner": "NixOS",
        "ref": "nixos-unstable",
        "repo": "nixpkgs",
        "type": "github"
      }
    },
    "nur": {
      "inputs": {
        "flake-parts": "flake-parts",
        "nixpkgs": [
          "nixpkgs"
        ],
        "treefmt-nix": "treefmt-nix"
      },
      "locked": {
        "lastModified": 1744382122,
        "narHash": "sha256-5K8uedhsNiCK/0Tf4oLulGvBvcIh2jtIiHV46zumoLA=",
        "owner": "nix-community",
        "repo": "NUR",
        "rev": "d7896156281a0c1ba9b34fdd6600de05fcaef0c4",
        "type": "github"
      },
      "original": {
        "owner": "nix-community",
        "repo": "NUR",
        "type": "github"
      }
    },
    "root": {
      "inputs": {
        "home-manager": "home-manager",
        "impermanence": "impermanence",
        "nix-darwin": "nix-darwin",
        "nixos-hardware": "nixos-hardware",
        "nixpkgs": "nixpkgs",
        "nur": "nur",
        "system-manager": "system-manager"
      }
    },
    "system-manager": {
      "inputs": {
        "nixpkgs": [
          "nixpkgs"
        ]
      },
      "locked": {
        "lastModified": 1744139528,
        "narHash": "sha256-ABIcmxzf8399pJzXqHzShXtzw7iC+zxjhOxp/qS0fQk=",
        "owner": "numtide",
        "repo": "system-manager",
        "rev": "803322102ed51f29c250d4bff2973625adc4a521",
        "type": "github"
      },
      "original": {
        "owner": "numtide",
        "repo": "system-manager",
        "type": "github"
      }
    },
    "treefmt-nix": {
      "inputs": {
        "nixpkgs": [
          "nur",
          "nixpkgs"
        ]
      },
      "locked": {
        "lastModified": 1733222881,
        "narHash": "sha256-JIPcz1PrpXUCbaccEnrcUS8jjEb/1vJbZz5KkobyFdM=",
        "owner": "numtide",
        "repo": "treefmt-nix",
        "rev": "49717b5af6f80172275d47a418c9719a31a78b53",
        "type": "github"
      },
      "original": {
        "owner": "numtide",
        "repo": "treefmt-nix",
        "type": "github"
      }
    }
  },
  "root": "root",
  "version": 7
}
