{
  "nodes": {
    "darwin": {
      "inputs": {
        "nixpkgs": [
          "nixpkgs"
        ]
      },
      "locked": {
        "lastModified": 1610735140,
        "narHash": "sha256-ohdAkAMj6M8Rm8LqbIhtFywHAg79FLWyNjUB8hYuHIw=",
        "owner": "ethancedwards8",
        "repo": "nix-darwin",
        "rev": "7b4c326516341d278465a0ad41132cbb945cd706",
        "type": "github"
      },
      "original": {
        "owner": "ethancedwards8",
        "ref": "master",
        "repo": "nix-darwin",
        "type": "github"
      }
    },
    "nixpkgs": {
      "locked": {
        "lastModified": 1610694355,
        "narHash": "sha256-pbcMhpm/qIPfNBP5ztkg3sTNH0zcDozYYqrkcaZHhGA=",
        "owner": "nixos",
        "repo": "nixpkgs",
        "rev": "495066a47fc259aa4fc5f7548e190fded2c7030e",
        "type": "github"
      },
      "original": {
        "owner": "nixos",
        "ref": "nixpkgs-unstable",
        "repo": "nixpkgs",
        "type": "github"
      }
    },
    "root": {
      "inputs": {
        "darwin": "darwin",
        "nixpkgs": "nixpkgs"
      }
    }
  },
  "root": "root",
  "version": 7
}
