{
  "nodes": {
    "nixpkgs": {
      "locked": {
        "lastModified": 1611219034,
        "narHash": "sha256-bgp8G3LcpvKs22/z5Cj4XQkmZq05Aa0vaP1bKl7X0zM=",
        "owner": "nixos",
        "repo": "nixpkgs",
        "rev": "f217c0ea7c148ddc0103347051555c7c252dcafb",
        "type": "github"
      },
      "original": {
        "owner": "nixos",
        "ref": "nixos-unstable",
        "repo": "nixpkgs",
        "type": "github"
      }
    },
    "nur": {
      "locked": {
        "lastModified": 1611469640,
        "narHash": "sha256-0poPLT44abqKgs+t0L1Rn8A+RxAx63Wkp0KPaY0QnrQ=",
        "owner": "nix-community",
        "repo": "NUR",
        "rev": "cad2eb38de71ec1de584a9fba03113efe2133a0b",
        "type": "github"
      },
      "original": {
        "owner": "nix-community",
        "repo": "NUR",
        "type": "github"
      }
    },
    "root": {
      "inputs": {
        "nixpkgs": "nixpkgs",
        "nur": "nur"
      }
    }
  },
  "root": "root",
  "version": 7
}
