{
  "nodes": {
    "nixpkgs": {
      "locked": {
        "lastModified": 1610749131,
        "narHash": "sha256-B+ZtXdVTkbWb7xUmFRuDjrdtcWiCWKCE3nlFVNdvwRE=",
        "owner": "nixos",
        "repo": "nixpkgs",
        "rev": "b3616bd96400ce0252c241d76fcafb64389defc6",
        "type": "github"
      },
      "original": {
        "owner": "nixos",
        "ref": "nixos-unstable",
        "repo": "nixpkgs",
        "type": "github"
      }
    },
    "root": {
      "inputs": {
        "nixpkgs": "nixpkgs"
      }
    }
  },
  "root": "root",
  "version": 7
}
